
Microsoft Visual Studio Solution File, Format Version 12.00
# Visual Studio Version 16
VisualStudioVersion = 16.0.33027.164
MinimumVisualStudioVersion = 10.0.40219.1
Project("{FAE04EC0-301F-11D3-BF4B-00C04F79EFBC}") = "RegistrationLogin", "RegistrationLogin.csproj", "{08D62DF9-31F8-43B9-9D42-81F7533C4CDF}"
EndProject
Global
	GlobalSection(SolutionConfigurationPlatforms) = preSolution
		Debug|Any CPU = Debug|Any CPU
		Release|Any CPU = Release|Any CPU
	EndGlobalSection
	GlobalSection(ProjectConfigurationPlatforms) = postSolution
		{08D62DF9-31F8-43B9-9D42-81F7533C4CDF}.Debug|Any CPU.ActiveCfg = Debug|Any CPU
		{08D62DF9-31F8-43B9-9D42-81F7533C4CDF}.Debug|Any CPU.Build.0 = Debug|Any CPU
		{08D62DF9-31F8-43B9-9D42-81F7533C4CDF}.Release|Any CPU.ActiveCfg = Release|Any CPU
		{08D62DF9-31F8-43B9-9D42-81F7533C4CDF}.Release|Any CPU.Build.0 = Release|Any CPU
	EndGlobalSection
	GlobalSection(SolutionProperties) = preSolution
		HideSolutionNode = FALSE
	EndGlobalSection
	GlobalSection(ExtensibilityGlobals) = postSolution
		SolutionGuid = {91F8A651-DEE8-463B-9FBB-698E45A680D4}
	EndGlobalSection
EndGlobal
